// !$*UTF8*$!
{
	archiveVersion = 1;
	classes = {
	};
	objectVersion = 56;
	objects = {

/* Begin PBXBuildFile section */
		F4675BE429B255A400473239 /* WeatherCurrentView.swift in Sources */ = {isa = PBXBuildFile; fileRef = F4675BE329B255A400473239 /* WeatherCurrentView.swift */; };
		F4675BE729B32A2600473239 /* URLImage in Frameworks */ = {isa = PBXBuildFile; productRef = F4675BE629B32A2600473239 /* URLImage */; };
		F4675BE929B339C000473239 /* WeatherForecastView.swift in Sources */ = {isa = PBXBuildFile; fileRef = F4675BE829B339C000473239 /* WeatherForecastView.swift */; };
		F47D2DF029B0F99A00608239 /* WeatherAppApp.swift in Sources */ = {isa = PBXBuildFile; fileRef = F47D2DEF29B0F99A00608239 /* WeatherAppApp.swift */; };
		F47D2DF229B0F99A00608239 /* ContentView.swift in Sources */ = {isa = PBXBuildFile; fileRef = F47D2DF129B0F99A00608239 /* ContentView.swift */; };
		F47D2DF429B0F99A00608239 /* Assets.xcassets in Resources */ = {isa = PBXBuildFile; fileRef = F47D2DF329B0F99A00608239 /* Assets.xcassets */; };
		F47D2DF729B0F99A00608239 /* Preview Assets.xcassets in Resources */ = {isa = PBXBuildFile; fileRef = F47D2DF629B0F99A00608239 /* Preview Assets.xcassets */; };
		F47D2DFF29B0FA9300608239 /* Webservice.swift in Sources */ = {isa = PBXBuildFile; fileRef = F47D2DFE29B0FA9300608239 /* Webservice.swift */; };
		F47D2E0529B0FD1B00608239 /* WeatherForcastData.swift in Sources */ = {isa = PBXBuildFile; fileRef = F47D2E0429B0FD1B00608239 /* WeatherForcastData.swift */; };
		F47D2E0829B0FD5800608239 /* WeatherForecastViewModel.swift in Sources */ = {isa = PBXBuildFile; fileRef = F47D2E0729B0FD5800608239 /* WeatherForecastViewModel.swift */; };
		F47D2E0B29B103F900608239 /* WeatherForecastModel.swift in Sources */ = {isa = PBXBuildFile; fileRef = F47D2E0A29B103F900608239 /* WeatherForecastModel.swift */; };
		F47D2E0D29B1EF1C00608239 /* WeatherCurrentViewModel.swift in Sources */ = {isa = PBXBuildFile; fileRef = F47D2E0C29B1EF1C00608239 /* WeatherCurrentViewModel.swift */; };
		F47D2E0F29B1EF4600608239 /* WeatherCurrentData.swift in Sources */ = {isa = PBXBuildFile; fileRef = F47D2E0E29B1EF4600608239 /* WeatherCurrentData.swift */; };
		F47D2E1129B1EF5100608239 /* WeatherCurrentModel.swift in Sources */ = {isa = PBXBuildFile; fileRef = F47D2E1029B1EF5100608239 /* WeatherCurrentModel.swift */; };
		F47D2E1329B1EF9300608239 /* Constant.swift in Sources */ = {isa = PBXBuildFile; fileRef = F47D2E1229B1EF9300608239 /* Constant.swift */; };
/* End PBXBuildFile section */

/* Begin PBXFileReference section */
		F4675BE329B255A400473239 /* WeatherCurrentView.swift */ = {isa = PBXFileReference; lastKnownFileType = sourcecode.swift; path = WeatherCurrentView.swift; sourceTree = "<group>"; };
		F4675BE829B339C000473239 /* WeatherForecastView.swift */ = {isa = PBXFileReference; lastKnownFileType = sourcecode.swift; path = WeatherForecastView.swift; sourceTree = "<group>"; };
		F47D2DEC29B0F99A00608239 /* WeatherApp.app */ = {isa = PBXFileReference; explicitFileType = wrapper.application; includeInIndex = 0; path = WeatherApp.app; sourceTree = BUILT_PRODUCTS_DIR; };
		F47D2DEF29B0F99A00608239 /* WeatherAppApp.swift */ = {isa = PBXFileReference; lastKnownFileType = sourcecode.swift; path = WeatherAppApp.swift; sourceTree = "<group>"; };
		F47D2DF129B0F99A00608239 /* ContentView.swift */ = {isa = PBXFileReference; lastKnownFileType = sourcecode.swift; path = ContentView.swift; sourceTree = "<group>"; };
		F47D2DF329B0F99A00608239 /* Assets.xcassets */ = {isa = PBXFileReference; lastKnownFileType = folder.assetcatalog; path = Assets.xcassets; sourceTree = "<group>"; };
		F47D2DF629B0F99A00608239 /* Preview Assets.xcassets */ = {isa = PBXFileReference; lastKnownFileType = folder.assetcatalog; path = "Preview Assets.xcassets"; sourceTree = "<group>"; };
		F47D2DFE29B0FA9300608239 /* Webservice.swift */ = {isa = PBXFileReference; lastKnownFileType = sourcecode.swift; path = Webservice.swift; sourceTree = "<group>"; };
		F47D2E0429B0FD1B00608239 /* WeatherForcastData.swift */ = {isa = PBXFileReference; lastKnownFileType = sourcecode.swift; path = WeatherForcastData.swift; sourceTree = "<group>"; };
		F47D2E0729B0FD5800608239 /* WeatherForecastViewModel.swift */ = {isa = PBXFileReference; lastKnownFileType = sourcecode.swift; path = WeatherForecastViewModel.swift; sourceTree = "<group>"; };
		F47D2E0A29B103F900608239 /* WeatherForecastModel.swift */ = {isa = PBXFileReference; lastKnownFileType = sourcecode.swift; path = WeatherForecastModel.swift; sourceTree = "<group>"; };
		F47D2E0C29B1EF1C00608239 /* WeatherCurrentViewModel.swift */ = {isa = PBXFileReference; lastKnownFileType = sourcecode.swift; path = WeatherCurrentViewModel.swift; sourceTree = "<group>"; };
		F47D2E0E29B1EF4600608239 /* WeatherCurrentData.swift */ = {isa = PBXFileReference; lastKnownFileType = sourcecode.swift; path = WeatherCurrentData.swift; sourceTree = "<group>"; };
		F47D2E1029B1EF5100608239 /* WeatherCurrentModel.swift */ = {isa = PBXFileReference; lastKnownFileType = sourcecode.swift; path = WeatherCurrentModel.swift; sourceTree = "<group>"; };
		F47D2E1229B1EF9300608239 /* Constant.swift */ = {isa = PBXFileReference; lastKnownFileType = sourcecode.swift; path = Constant.swift; sourceTree = "<group>"; };
/* End PBXFileReference section */

/* Begin PBXFrameworksBuildPhase section */
		F47D2DE929B0F99A00608239 /* Frameworks */ = {
			isa = PBXFrameworksBuildPhase;
			buildActionMask = 2147483647;
			files = (
				F4675BE729B32A2600473239 /* URLImage in Frameworks */,
			);
			runOnlyForDeploymentPostprocessing = 0;
		};
/* End PBXFrameworksBuildPhase section */

/* Begin PBXGroup section */
		F47D2DE329B0F99A00608239 = {
			isa = PBXGroup;
			children = (
				F47D2DEE29B0F99A00608239 /* WeatherApp */,
				F47D2DED29B0F99A00608239 /* Products */,
			);
			sourceTree = "<group>";
		};
		F47D2DED29B0F99A00608239 /* Products */ = {
			isa = PBXGroup;
			children = (
				F47D2DEC29B0F99A00608239 /* WeatherApp.app */,
			);
			name = Products;
			sourceTree = "<group>";
		};
		F47D2DEE29B0F99A00608239 /* WeatherApp */ = {
			isa = PBXGroup;
			children = (
				F47D2DEF29B0F99A00608239 /* WeatherAppApp.swift */,
				F47D2E0029B0FB3F00608239 /* Models */,
				F47D2E0129B0FB4C00608239 /* View */,
				F47D2E0629B0FD2B00608239 /* ViewModel */,
				F47D2E0929B0FEBC00608239 /* Services */,
				F47D2DF329B0F99A00608239 /* Assets.xcassets */,
				F47D2DF529B0F99A00608239 /* Preview Content */,
			);
			path = WeatherApp;
			sourceTree = "<group>";
		};
		F47D2DF529B0F99A00608239 /* Preview Content */ = {
			isa = PBXGroup;
			children = (
				F47D2DF629B0F99A00608239 /* Preview Assets.xcassets */,
			);
			path = "Preview Content";
			sourceTree = "<group>";
		};
		F47D2E0029B0FB3F00608239 /* Models */ = {
			isa = PBXGroup;
			children = (
				F47D2E0A29B103F900608239 /* WeatherForecastModel.swift */,
				F47D2E0429B0FD1B00608239 /* WeatherForcastData.swift */,
				F47D2E0E29B1EF4600608239 /* WeatherCurrentData.swift */,
				F47D2E1029B1EF5100608239 /* WeatherCurrentModel.swift */,
			);
			path = Models;
			sourceTree = "<group>";
		};
		F47D2E0129B0FB4C00608239 /* View */ = {
			isa = PBXGroup;
			children = (
				F47D2DF129B0F99A00608239 /* ContentView.swift */,
				F4675BE329B255A400473239 /* WeatherCurrentView.swift */,
				F4675BE829B339C000473239 /* WeatherForecastView.swift */,
			);
			path = View;
			sourceTree = "<group>";
		};
		F47D2E0629B0FD2B00608239 /* ViewModel */ = {
			isa = PBXGroup;
			children = (
				F47D2E0729B0FD5800608239 /* WeatherForecastViewModel.swift */,
				F47D2E0C29B1EF1C00608239 /* WeatherCurrentViewModel.swift */,
			);
			path = ViewModel;
			sourceTree = "<group>";
		};
		F47D2E0929B0FEBC00608239 /* Services */ = {
			isa = PBXGroup;
			children = (
				F47D2DFE29B0FA9300608239 /* Webservice.swift */,
				F47D2E1229B1EF9300608239 /* Constant.swift */,
			);
			path = Services;
			sourceTree = "<group>";
		};
/* End PBXGroup section */

/* Begin PBXNativeTarget section */
		F47D2DEB29B0F99A00608239 /* WeatherApp */ = {
			isa = PBXNativeTarget;
			buildConfigurationList = F47D2DFA29B0F99A00608239 /* Build configuration list for PBXNativeTarget "WeatherApp" */;
			buildPhases = (
				F47D2DE829B0F99A00608239 /* Sources */,
				F47D2DE929B0F99A00608239 /* Frameworks */,
				F47D2DEA29B0F99A00608239 /* Resources */,
			);
			buildRules = (
			);
			dependencies = (
			);
			name = WeatherApp;
			packageProductDependencies = (
				F4675BE629B32A2600473239 /* URLImage */,
			);
			productName = WeatherApp;
			productReference = F47D2DEC29B0F99A00608239 /* WeatherApp.app */;
			productType = "com.apple.product-type.application";
		};
/* End PBXNativeTarget section */

/* Begin PBXProject section */
		F47D2DE429B0F99A00608239 /* Project object */ = {
			isa = PBXProject;
			attributes = {
				BuildIndependentTargetsInParallel = 1;
				LastSwiftUpdateCheck = 1420;
				LastUpgradeCheck = 1420;
				TargetAttributes = {
					F47D2DEB29B0F99A00608239 = {
						CreatedOnToolsVersion = 14.2;
					};
				};
			};
			buildConfigurationList = F47D2DE729B0F99A00608239 /* Build configuration list for PBXProject "WeatherApp" */;
			compatibilityVersion = "Xcode 14.0";
			developmentRegion = en;
			hasScannedForEncodings = 0;
			knownRegions = (
				en,
				Base,
			);
			mainGroup = F47D2DE329B0F99A00608239;
			packageReferences = (
				F4675BE529B32A2600473239 /* XCRemoteSwiftPackageReference "url-image" */,
			);
			productRefGroup = F47D2DED29B0F99A00608239 /* Products */;
			projectDirPath = "";
			projectRoot = "";
			targets = (
				F47D2DEB29B0F99A00608239 /* WeatherApp */,
			);
		};
/* End PBXProject section */

/* Begin PBXResourcesBuildPhase section */
		F47D2DEA29B0F99A00608239 /* Resources */ = {
			isa = PBXResourcesBuildPhase;
			buildActionMask = 2147483647;
			files = (
				F47D2DF729B0F99A00608239 /* Preview Assets.xcassets in Resources */,
				F47D2DF429B0F99A00608239 /* Assets.xcassets in Resources */,
			);
			runOnlyForDeploymentPostprocessing = 0;
		};
/* End PBXResourcesBuildPhase section */

/* Begin PBXSourcesBuildPhase section */
		F47D2DE829B0F99A00608239 /* Sources */ = {
			isa = PBXSourcesBuildPhase;
			buildActionMask = 2147483647;
			files = (
				F47D2E0F29B1EF4600608239 /* WeatherCurrentData.swift in Sources */,
				F47D2E0829B0FD5800608239 /* WeatherForecastViewModel.swift in Sources */,
				F47D2DF229B0F99A00608239 /* ContentView.swift in Sources */,
				F47D2DF029B0F99A00608239 /* WeatherAppApp.swift in Sources */,
				F47D2E1129B1EF5100608239 /* WeatherCurrentModel.swift in Sources */,
				F47D2E0D29B1EF1C00608239 /* WeatherCurrentViewModel.swift in Sources */,
				F47D2E0529B0FD1B00608239 /* WeatherForcastData.swift in Sources */,
				F47D2E1329B1EF9300608239 /* Constant.swift in Sources */,
				F47D2E0B29B103F900608239 /* WeatherForecastModel.swift in Sources */,
				F47D2DFF29B0FA9300608239 /* Webservice.swift in Sources */,
				F4675BE929B339C000473239 /* WeatherForecastView.swift in Sources */,
				F4675BE429B255A400473239 /* WeatherCurrentView.swift in Sources */,
			);
			runOnlyForDeploymentPostprocessing = 0;
		};
/* End PBXSourcesBuildPhase section */

/* Begin XCBuildConfiguration section */
		F47D2DF829B0F99A00608239 /* Debug */ = {
			isa = XCBuildConfiguration;
			buildSettings = {
				ALWAYS_SEARCH_USER_PATHS = NO;
				CLANG_ANALYZER_NONNULL = YES;
				CLANG_ANALYZER_NUMBER_OBJECT_CONVERSION = YES_AGGRESSIVE;
				CLANG_CXX_LANGUAGE_STANDARD = "gnu++20";
				CLANG_ENABLE_MODULES = YES;
				CLANG_ENABLE_OBJC_ARC = YES;
				CLANG_ENABLE_OBJC_WEAK = YES;
				CLANG_WARN_BLOCK_CAPTURE_AUTORELEASING = YES;
				CLANG_WARN_BOOL_CONVERSION = YES;
				CLANG_WARN_COMMA = YES;
				CLANG_WARN_CONSTANT_CONVERSION = YES;
				CLANG_WARN_DEPRECATED_OBJC_IMPLEMENTATIONS = YES;
				CLANG_WARN_DIRECT_OBJC_ISA_USAGE = YES_ERROR;
				CLANG_WARN_DOCUMENTATION_COMMENTS = YES;
				CLANG_WARN_EMPTY_BODY = YES;
				CLANG_WARN_ENUM_CONVERSION = YES;
				CLANG_WARN_INFINITE_RECURSION = YES;
				CLANG_WARN_INT_CONVERSION = YES;
				CLANG_WARN_NON_LITERAL_NULL_CONVERSION = YES;
				CLANG_WARN_OBJC_IMPLICIT_RETAIN_SELF = YES;
				CLANG_WARN_OBJC_LITERAL_CONVERSION = YES;
				CLANG_WARN_OBJC_ROOT_CLASS = YES_ERROR;
				CLANG_WARN_QUOTED_INCLUDE_IN_FRAMEWORK_HEADER = YES;
				CLANG_WARN_RANGE_LOOP_ANALYSIS = YES;
				CLANG_WARN_STRICT_PROTOTYPES = YES;
				CLANG_WARN_SUSPICIOUS_MOVE = YES;
				CLANG_WARN_UNGUARDED_AVAILABILITY = YES_AGGRESSIVE;
				CLANG_WARN_UNREACHABLE_CODE = YES;
				CLANG_WARN__DUPLICATE_METHOD_MATCH = YES;
				COPY_PHASE_STRIP = NO;
				DEBUG_INFORMATION_FORMAT = dwarf;
				ENABLE_STRICT_OBJC_MSGSEND = YES;
				ENABLE_TESTABILITY = YES;
				GCC_C_LANGUAGE_STANDARD = gnu11;
				GCC_DYNAMIC_NO_PIC = NO;
				GCC_NO_COMMON_BLOCKS = YES;
				GCC_OPTIMIZATION_LEVEL = 0;
				GCC_PREPROCESSOR_DEFINITIONS = (
					"DEBUG=1",
					"$(inherited)",
				);
				GCC_WARN_64_TO_32_BIT_CONVERSION = YES;
				GCC_WARN_ABOUT_RETURN_TYPE = YES_ERROR;
				GCC_WARN_UNDECLARED_SELECTOR = YES;
				GCC_WARN_UNINITIALIZED_AUTOS = YES_AGGRESSIVE;
				GCC_WARN_UNUSED_FUNCTION = YES;
				GCC_WARN_UNUSED_VARIABLE = YES;
				IPHONEOS_DEPLOYMENT_TARGET = 16.2;
				MTL_ENABLE_DEBUG_INFO = INCLUDE_SOURCE;
				MTL_FAST_MATH = YES;
				ONLY_ACTIVE_ARCH = YES;
				SDKROOT = iphoneos;
				SWIFT_ACTIVE_COMPILATION_CONDITIONS = DEBUG;
				SWIFT_OPTIMIZATION_LEVEL = "-Onone";
			};
			name = Debug;
		};
		F47D2DF929B0F99A00608239 /* Release */ = {
			isa = XCBuildConfiguration;
			buildSettings = {
				ALWAYS_SEARCH_USER_PATHS = NO;
				CLANG_ANALYZER_NONNULL = YES;
				CLANG_ANALYZER_NUMBER_OBJECT_CONVERSION = YES_AGGRESSIVE;
				CLANG_CXX_LANGUAGE_STANDARD = "gnu++20";
				CLANG_ENABLE_MODULES = YES;
				CLANG_ENABLE_OBJC_ARC = YES;
				CLANG_ENABLE_OBJC_WEAK = YES;
				CLANG_WARN_BLOCK_CAPTURE_AUTORELEASING = YES;
				CLANG_WARN_BOOL_CONVERSION = YES;
				CLANG_WARN_COMMA = YES;
				CLANG_WARN_CONSTANT_CONVERSION = YES;
				CLANG_WARN_DEPRECATED_OBJC_IMPLEMENTATIONS = YES;
				CLANG_WARN_DIRECT_OBJC_ISA_USAGE = YES_ERROR;
				CLANG_WARN_DOCUMENTATION_COMMENTS = YES;
				CLANG_WARN_EMPTY_BODY = YES;
				CLANG_WARN_ENUM_CONVERSION = YES;
				CLANG_WARN_INFINITE_RECURSION = YES;
				CLANG_WARN_INT_CONVERSION = YES;
				CLANG_WARN_NON_LITERAL_NULL_CONVERSION = YES;
				CLANG_WARN_OBJC_IMPLICIT_RETAIN_SELF = YES;
				CLANG_WARN_OBJC_LITERAL_CONVERSION = YES;
				CLANG_WARN_OBJC_ROOT_CLASS = YES_ERROR;
				CLANG_WARN_QUOTED_INCLUDE_IN_FRAMEWORK_HEADER = YES;
				CLANG_WARN_RANGE_LOOP_ANALYSIS = YES;
				CLANG_WARN_STRICT_PROTOTYPES = YES;
				CLANG_WARN_SUSPICIOUS_MOVE = YES;
				CLANG_WARN_UNGUARDED_AVAILABILITY = YES_AGGRESSIVE;
				CLANG_WARN_UNREACHABLE_CODE = YES;
				CLANG_WARN__DUPLICATE_METHOD_MATCH = YES;
				COPY_PHASE_STRIP = NO;
				DEBUG_INFORMATION_FORMAT = "dwarf-with-dsym";
				ENABLE_NS_ASSERTIONS = NO;
				ENABLE_STRICT_OBJC_MSGSEND = YES;
				GCC_C_LANGUAGE_STANDARD = gnu11;
				GCC_NO_COMMON_BLOCKS = YES;
				GCC_WARN_64_TO_32_BIT_CONVERSION = YES;
				GCC_WARN_ABOUT_RETURN_TYPE = YES_ERROR;
				GCC_WARN_UNDECLARED_SELECTOR = YES;
				GCC_WARN_UNINITIALIZED_AUTOS = YES_AGGRESSIVE;
				GCC_WARN_UNUSED_FUNCTION = YES;
				GCC_WARN_UNUSED_VARIABLE = YES;
				IPHONEOS_DEPLOYMENT_TARGET = 16.2;
				MTL_ENABLE_DEBUG_INFO = NO;
				MTL_FAST_MATH = YES;
				SDKROOT = iphoneos;
				SWIFT_COMPILATION_MODE = wholemodule;
				SWIFT_OPTIMIZATION_LEVEL = "-O";
				VALIDATE_PRODUCT = YES;
			};
			name = Release;
		};
		F47D2DFB29B0F99A00608239 /* Debug */ = {
			isa = XCBuildConfiguration;
			buildSettings = {
				ASSETCATALOG_COMPILER_APPICON_NAME = AppIcon;
				ASSETCATALOG_COMPILER_GLOBAL_ACCENT_COLOR_NAME = AccentColor;
				CODE_SIGN_STYLE = Automatic;
				CURRENT_PROJECT_VERSION = 1;
				DEVELOPMENT_ASSET_PATHS = "\"WeatherApp/Preview Content\"";
				DEVELOPMENT_TEAM = 33WMDPGAG6;
				ENABLE_PREVIEWS = YES;
				GENERATE_INFOPLIST_FILE = YES;
				INFOPLIST_KEY_UIApplicationSceneManifest_Generation = YES;
				INFOPLIST_KEY_UIApplicationSupportsIndirectInputEvents = YES;
				INFOPLIST_KEY_UILaunchScreen_Generation = YES;
				INFOPLIST_KEY_UISupportedInterfaceOrientations_iPad = "UIInterfaceOrientationPortrait UIInterfaceOrientationPortraitUpsideDown UIInterfaceOrientationLandscapeLeft UIInterfaceOrientationLandscapeRight";
				INFOPLIST_KEY_UISupportedInterfaceOrientations_iPhone = "UIInterfaceOrientationPortrait UIInterfaceOrientationLandscapeLeft UIInterfaceOrientationLandscapeRight";
				LD_RUNPATH_SEARCH_PATHS = (
					"$(inherited)",
					"@executable_path/Frameworks",
				);
				MARKETING_VERSION = 1.0;
				PRODUCT_BUNDLE_IDENTIFIER = th.ac.chula.cbs.stat.WeatherApp;
				PRODUCT_NAME = "$(TARGET_NAME)";
				SWIFT_EMIT_LOC_STRINGS = YES;
				SWIFT_VERSION = 5.0;
				TARGETED_DEVICE_FAMILY = "1,2";
			};
			name = Debug;
		};
		F47D2DFC29B0F99A00608239 /* Release */ = {
			isa = XCBuildConfiguration;
			buildSettings = {
				ASSETCATALOG_COMPILER_APPICON_NAME = AppIcon;
				ASSETCATALOG_COMPILER_GLOBAL_ACCENT_COLOR_NAME = AccentColor;
				CODE_SIGN_STYLE = Automatic;
				CURRENT_PROJECT_VERSION = 1;
				DEVELOPMENT_ASSET_PATHS = "\"WeatherApp/Preview Content\"";
				DEVELOPMENT_TEAM = 33WMDPGAG6;
				ENABLE_PREVIEWS = YES;
				GENERATE_INFOPLIST_FILE = YES;
				INFOPLIST_KEY_UIApplicationSceneManifest_Generation = YES;
				INFOPLIST_KEY_UIApplicationSupportsIndirectInputEvents = YES;
				INFOPLIST_KEY_UILaunchScreen_Generation = YES;
				INFOPLIST_KEY_UISupportedInterfaceOrientations_iPad = "UIInterfaceOrientationPortrait UIInterfaceOrientationPortraitUpsideDown UIInterfaceOrientationLandscapeLeft UIInterfaceOrientationLandscapeRight";
				INFOPLIST_KEY_UISupportedInterfaceOrientations_iPhone = "UIInterfaceOrientationPortrait UIInterfaceOrientationLandscapeLeft UIInterfaceOrientationLandscapeRight";
				LD_RUNPATH_SEARCH_PATHS = (
					"$(inherited)",
					"@executable_path/Frameworks",
				);
				MARKETING_VERSION = 1.0;
				PRODUCT_BUNDLE_IDENTIFIER = th.ac.chula.cbs.stat.WeatherApp;
				PRODUCT_NAME = "$(TARGET_NAME)";
				SWIFT_EMIT_LOC_STRINGS = YES;
				SWIFT_VERSION = 5.0;
				TARGETED_DEVICE_FAMILY = "1,2";
			};
			name = Release;
		};
/* End XCBuildConfiguration section */

/* Begin XCConfigurationList section */
		F47D2DE729B0F99A00608239 /* Build configuration list for PBXProject "WeatherApp" */ = {
			isa = XCConfigurationList;
			buildConfigurations = (
				F47D2DF829B0F99A00608239 /* Debug */,
				F47D2DF929B0F99A00608239 /* Release */,
			);
			defaultConfigurationIsVisible = 0;
			defaultConfigurationName = Release;
		};
		F47D2DFA29B0F99A00608239 /* Build configuration list for PBXNativeTarget "WeatherApp" */ = {
			isa = XCConfigurationList;
			buildConfigurations = (
				F47D2DFB29B0F99A00608239 /* Debug */,
				F47D2DFC29B0F99A00608239 /* Release */,
			);
			defaultConfigurationIsVisible = 0;
			defaultConfigurationName = Release;
		};
/* End XCConfigurationList section */

/* Begin XCRemoteSwiftPackageReference section */
		F4675BE529B32A2600473239 /* XCRemoteSwiftPackageReference "url-image" */ = {
			isa = XCRemoteSwiftPackageReference;
			repositoryURL = "https://github.com/dmytro-anokhin/url-image";
			requirement = {
				kind = upToNextMajorVersion;
				minimumVersion = 3.0.0;
			};
		};
/* End XCRemoteSwiftPackageReference section */

/* Begin XCSwiftPackageProductDependency section */
		F4675BE629B32A2600473239 /* URLImage */ = {
			isa = XCSwiftPackageProductDependency;
			package = F4675BE529B32A2600473239 /* XCRemoteSwiftPackageReference "url-image" */;
			productName = URLImage;
		};
/* End XCSwiftPackageProductDependency section */
	};
	rootObject = F47D2DE429B0F99A00608239 /* Project object */;
}
